{
    "_meta": {
        "hash": {
            "sha256": "457830ca29a5b3643b3e4b49b9166cc3285f577227faa41f339ad9191dd69a5a"
        },
        "pipfile-spec": 6,
        "requires": {
            "python_version": "3.8"
        },
        "sources": [
            {
                "name": "pypi",
                "url": "https://pypi.org/simple",
                "verify_ssl": true
            }
        ]
    },
    "default": {
        "aws-ssm-tools": {
            "hashes": [
                "sha256:561647f7b50857913c767873b9e36ac1d7220f2d6c3f928a6a159888ab968797",
                "sha256:9f460485e4dae42abadc9f25b85b41ff6a056dd3c3dfb580ec124e334fd81d7f"
            ],
            "index": "pypi",
            "markers": "python_version >= '3.6'",
            "version": "==1.6.0"
        },
        "aws-ssm-tunnel-agent": {
            "hashes": [
                "sha256:969ebc8fe94437d6d94f63ca71abda7dea45691e70e83467e65af46ad308003b",
                "sha256:aeacf94661670e32cbd2d628d4b92ae5deeb73f33147436d2084b4d86535182e"
            ],
            "index": "pypi",
            "markers": "python_version >= '2.7'",
            "version": "==1.6.0"
        },
        "boto3": {
            "hashes": [
                "sha256:2f3e88b10b8fcc5f6100a9d74cd28230edc9d4fa226d99dd40a3ab38ac213673",
                "sha256:b8433d481d50b68a0162c0379c0dd4aabfc3d1ad901800beb5b87815997511c1"
            ],
            "markers": "python_version >= '3.8'",
            "version": "==1.34.144"
        },
        "botocore": {
            "hashes": [
                "sha256:4215db28d25309d59c99507f1f77df9089e5bebbad35f6e19c7c44ec5383a3e8",
                "sha256:a2cf26e1bf10d5917a2285e50257bc44e94a1d16574f282f3274f7a5d8d1f08b"
            ],
            "markers": "python_version >= '3.8'",
            "version": "==1.34.144"
        },
        "jmespath": {
            "hashes": [
                "sha256:02e2e4cc71b5bcab88332eebf907519190dd9e6e82107fa7f83b1003a6252980",
                "sha256:90261b206d6defd58fdd5e85f478bf633a2901798906be2ad389150c5c60edbe"
            ],
            "markers": "python_version >= '3.7'",
            "version": "==1.0.1"
        },
        "packaging": {
            "hashes": [
                "sha256:026ed72c8ed3fcce5bf8950572258698927fd1dbda10a5e981cdf0ac37f4f002",
                "sha256:5b8f2217dbdbd2f7f384c41c628544e6d52f2d0f53c6d0c3ea61aa5d1d7ff124"
            ],
            "markers": "python_version >= '3.8'",
            "version": "==24.1"
        },
        "pexpect": {
            "hashes": [
                "sha256:7236d1e080e4936be2dc3e326cec0af72acf9212a7e1d060210e70a47e253523",
                "sha256:ee7d41123f3c9911050ea2c2dac107568dc43b2d3b0c7557a33212c398ead30f"
            ],
            "version": "==4.9.0"
        },
        "ptyprocess": {
            "hashes": [
                "sha256:4b41f3967fce3af57cc7e94b888626c18bf37a083e3651ca8feeb66d492fef35",
                "sha256:5c5d0a3b48ceee0b48485e0c26037c0acd7d29765ca3fbb5cb3831d347423220"
            ],
            "version": "==0.7.0"
        },
        "python-dateutil": {
            "hashes": [
                "sha256:37dd54208da7e1cd875388217d5e00ebd4179249f90fb72437e91a35459a0ad3",
                "sha256:a8b2bc7bffae282281c8140a97d3aa9c14da0b136dfe83f850eea9a5f7470427"
            ],
            "markers": "python_version >= '2.7' and python_version not in '3.0, 3.1, 3.2, 3.3'",
            "version": "==2.9.0.post0"
        },
        "s3transfer": {
            "hashes": [
                "sha256:0711534e9356d3cc692fdde846b4a1e4b0cb6519971860796e6bc4c7aea00ef6",
                "sha256:eca1c20de70a39daee580aef4986996620f365c4e0fda6a86100231d62f1bf69"
            ],
            "markers": "python_version >= '3.8'",
            "version": "==0.10.2"
        },
        "six": {
            "hashes": [
                "sha256:1e61c37477a1626458e36f7b1d82aa5c9b094fa4802892072e49de9c60c4c926",
                "sha256:8abb2f1d86890a2dfb989f9a77cfcfd3e47c2a354b01111771326f8aa26e0254"
            ],
            "markers": "python_version >= '2.7' and python_version not in '3.0, 3.1, 3.2, 3.3'",
            "version": "==1.16.0"
        },
        "urllib3": {
            "hashes": [
                "sha256:37a0344459b199fce0e80b0d3569837ec6b6937435c5244e7fd73fa6006830f3",
                "sha256:3e3d753a8618b86d7de333b4223005f68720bcd6a7d2bcb9fbd2229ec7c1e429"
            ],
            "markers": "python_version < '3.10'",
            "version": "==1.26.19"
        }
    },
    "develop": {}
}
